{
  "projects": [
    {
      "projectId": "seaQhLVS4bbjiGvJJrRwyL",
      "version": "15.0.3",
      "dependencies": {},
      "lang": "ts",
      "fileLocks": [
        {
          "assetId": "seaQhLVS4bbjiGvJJrRwyL",
          "type": "projectCss",
          "checksum": "dc88471beadb978e51eb3ceb75d10fdb"
        }
      ]
    },
    {
      "projectId": "i9bwxGcVwvFmrCRHUfpYDk",
      "version": "latest",
      "dependencies": {
        "seaQhLVS4bbjiGvJJrRwyL": "15.0.3"
      },
      "lang": "ts",
      "fileLocks": [
        {
          "type": "globalVariant",
          "assetId": "2Ol3ghwyvjdFcI",
          "checksum": "cb051ddea12cadfb4df4e82a34a4160f"
        },
        {
          "assetId": "i9bwxGcVwvFmrCRHUfpYDk",
          "type": "projectCss",
          "checksum": "2c80119db998a8bc2a442227f2bd7dc9"
        },
        {
          "type": "renderModule",
          "assetId": "f2WlUS9BrI3ZV",
          "checksum": "69931665f9da9998586f811aff97ac8b"
        },
        {
          "type": "cssRules",
          "assetId": "f2WlUS9BrI3ZV",
          "checksum": "69931665f9da9998586f811aff97ac8b"
        },
        {
          "type": "renderModule",
          "assetId": "8P92VA4zPIL44",
          "checksum": "4fe4fd6ed000e084ddc7b4c7cd31a612"
        },
        {
          "type": "cssRules",
          "assetId": "8P92VA4zPIL44",
          "checksum": "4fe4fd6ed000e084ddc7b4c7cd31a612"
        },
        {
          "type": "renderModule",
          "assetId": "gOWb-80SO-e-7",
          "checksum": "176354f09f883f00a8547f5be2b75faf"
        },
        {
          "type": "cssRules",
          "assetId": "gOWb-80SO-e-7",
          "checksum": "176354f09f883f00a8547f5be2b75faf"
        },
        {
          "type": "renderModule",
          "assetId": "peuuoSKUTVBxQ",
          "checksum": "e1e9b90c278c0b80d3bec1a0cbd49cb3"
        },
        {
          "type": "cssRules",
          "assetId": "peuuoSKUTVBxQ",
          "checksum": "e1e9b90c278c0b80d3bec1a0cbd49cb3"
        },
        {
          "type": "renderModule",
          "assetId": "qRNEgXFm8LR7Nw",
          "checksum": "9a07cb398c7db0b93c4af5789506031b"
        },
        {
          "type": "cssRules",
          "assetId": "qRNEgXFm8LR7Nw",
          "checksum": "9a07cb398c7db0b93c4af5789506031b"
        },
        {
          "type": "renderModule",
          "assetId": "-H4HAr-ZWrbc19",
          "checksum": "f43ae7f694ad4c164bcb312f1d33b16c"
        },
        {
          "type": "cssRules",
          "assetId": "-H4HAr-ZWrbc19",
          "checksum": "f43ae7f694ad4c164bcb312f1d33b16c"
        },
        {
          "type": "renderModule",
          "assetId": "BTteijPN9GHpHz",
          "checksum": "6af26b50872977da9b8109402477e8e4"
        },
        {
          "type": "cssRules",
          "assetId": "BTteijPN9GHpHz",
          "checksum": "6af26b50872977da9b8109402477e8e4"
        },
        {
          "type": "renderModule",
          "assetId": "lThZ0DGLoCner3",
          "checksum": "012a7cf02f62cb649a14e756caed18ed"
        },
        {
          "type": "cssRules",
          "assetId": "lThZ0DGLoCner3",
          "checksum": "012a7cf02f62cb649a14e756caed18ed"
        },
        {
          "type": "renderModule",
          "assetId": "cT7z87e6d4XiEw",
          "checksum": "2bfb65ba10d1f32238d4be3fb7146774"
        },
        {
          "type": "cssRules",
          "assetId": "cT7z87e6d4XiEw",
          "checksum": "2bfb65ba10d1f32238d4be3fb7146774"
        },
        {
          "type": "renderModule",
          "assetId": "q9XlE3bse9lFTO",
          "checksum": "141bea656a050d3c7beeccf525d58fb2"
        },
        {
          "type": "cssRules",
          "assetId": "q9XlE3bse9lFTO",
          "checksum": "141bea656a050d3c7beeccf525d58fb2"
        },
        {
          "type": "renderModule",
          "assetId": "FoMKIc2f6tRqIr",
          "checksum": "52cb5f690f086d213cd34ccd4a1b26b0"
        },
        {
          "type": "cssRules",
          "assetId": "FoMKIc2f6tRqIr",
          "checksum": "52cb5f690f086d213cd34ccd4a1b26b0"
        },
        {
          "type": "icon",
          "assetId": "zTJETuT-dIYFyx",
          "checksum": "5291fb2c4c61a2e24e63330e0564f4a1"
        },
        {
          "type": "icon",
          "assetId": "sdukn4be9SA4Cg",
          "checksum": "034b2cfa4ea5404883089653647264ff"
        },
        {
          "type": "icon",
          "assetId": "zoso268iEwfMyI",
          "checksum": "a9c79cf3d226f253951aa01c4c6813b3"
        },
        {
          "type": "icon",
          "assetId": "FwsRsqH3rNtUSH",
          "checksum": "2c1abd75115829f7504fb027a464d9c7"
        },
        {
          "type": "icon",
          "assetId": "BFdaWXESj8GMsc",
          "checksum": "9725b658483a95747a66b141ac59631b"
        },
        {
          "type": "icon",
          "assetId": "RKnb92EGsMyuX_",
          "checksum": "86e7ca8b20c72ffb71e368f262b1679b"
        },
        {
          "type": "icon",
          "assetId": "AkP2bIJQ_KOByb",
          "checksum": "4e08b8479baabf524871c53859352051"
        },
        {
          "type": "icon",
          "assetId": "VagEwunjXUcbqO",
          "checksum": "cbf6478a5a6cb20c4846475e988d9d01"
        },
        {
          "type": "icon",
          "assetId": "vTqGlHcO4JXYCU",
          "checksum": "16c0ada3ddd6edb70e93fa5092e9fee9"
        },
        {
          "type": "icon",
          "assetId": "UXdxa-GqoH6cFZ",
          "checksum": "3c88cd3cb86b608b441dd9b0799afb5c"
        },
        {
          "type": "icon",
          "assetId": "jeFsnEWvv_OhO3",
          "checksum": "ad88440c0694a540e10d662021e13b67"
        },
        {
          "type": "icon",
          "assetId": "GCCcKLKb7cfEO2",
          "checksum": "1b8c765c3c82a4d891b90a3e7118fd59"
        },
        {
          "type": "icon",
          "assetId": "gEuNl4k917hjI2",
          "checksum": "c51b28c6c3177790ff2ba8eb1b92bdb7"
        },
        {
          "type": "icon",
          "assetId": "1Gib08N-L6nzd9",
          "checksum": "47235c4ffde11ef2dedadc0dbd663f78"
        },
        {
          "type": "icon",
          "assetId": "T1ctiP2Tw0lYq4",
          "checksum": "449ffc0a55417e7c462b48067b02df64"
        },
        {
          "type": "icon",
          "assetId": "tiAE91u0ED8FQL",
          "checksum": "203184944dd6d0f78a482c4f68e1787d"
        },
        {
          "type": "icon",
          "assetId": "YzchxcznUhSzRE",
          "checksum": "1a42c15932c68e83ff083cf33c0b50aa"
        },
        {
          "type": "image",
          "assetId": "MkwJnZdeNOiHlt",
          "checksum": "3c28caaacb8a35cc7808de6476d99554"
        },
        {
          "type": "image",
          "assetId": "V8085U2kGlycCQ",
          "checksum": "32f8af76fb2317612f077167ab93dacd"
        },
        {
          "type": "image",
          "assetId": "Vwpfv1Qs15aFos",
          "checksum": "9d03bc66961bd589381edcbd17bd33fb"
        },
        {
          "type": "image",
          "assetId": "uFFoDgJTBGv6Wb",
          "checksum": "a659eeffe4291a12205c7a0c6fdd7d0f"
        },
        {
          "type": "image",
          "assetId": "HIAPH_RTF-vBXX",
          "checksum": "f531d50e07c06a3310389f1b502ad383"
        },
        {
          "type": "image",
          "assetId": "VB1oxB4ywenW8S",
          "checksum": "0ee8a62d79bc279d109e563e90b92180"
        },
        {
          "type": "image",
          "assetId": "z8uTF-soFZI54H",
          "checksum": "f78e7d31e2dfc5e57a99db1bd6f73581"
        },
        {
          "type": "image",
          "assetId": "vSKPk2amzf1YFJ",
          "checksum": "208c7dd477638768507ffaa81600ed8b"
        },
        {
          "type": "image",
          "assetId": "KYYbK0bq_qReoc",
          "checksum": "6d1ec80452ca2a475c91d6d3a756ad17"
        },
        {
          "type": "image",
          "assetId": "za0ZocLSx0cYK0",
          "checksum": "57c1ecf20449e81bdcf318fe79b566ce"
        },
        {
          "type": "image",
          "assetId": "OIAhwVMnKXfPaU",
          "checksum": "fc8aa68c7b5cb9ae24eb36c20ede7988"
        },
        {
          "type": "image",
          "assetId": "k8nnOsm75SEwf_",
          "checksum": "ff4fc6e9d16af33b91e2623f2f7b85b1"
        },
        {
          "type": "image",
          "assetId": "ibd2jnyXo3dtaQ",
          "checksum": "6d4aa0f3e0e0cb16c6d36ec2c42e6310"
        },
        {
          "type": "image",
          "assetId": "qxcuggrHiS6bzh",
          "checksum": "12a32d61fb45ac8999e622e5c2abc31e"
        },
        {
          "type": "image",
          "assetId": "J5vSLGLl1xskhM",
          "checksum": "501af6161cc0340ee746f7c40e027b49"
        },
        {
          "type": "image",
          "assetId": "dtaU8jrSaiwXZW",
          "checksum": "a2b0849a121206e4a27b5beac257f6a9"
        },
        {
          "type": "image",
          "assetId": "-lz9wY6LP3K_f0",
          "checksum": "d47b2797dcf0c9788860abb718895332"
        },
        {
          "type": "image",
          "assetId": "HNdfUPpeKbyK8P",
          "checksum": "82fb5e81fb4a6b6acc54b2bc6b3c16c7"
        },
        {
          "type": "image",
          "assetId": "3shkIzpOW7eCLh",
          "checksum": "982d8cc38c1ed86ef36a7f94d80588cc"
        },
        {
          "type": "image",
          "assetId": "8zcu70CsCQW5ji",
          "checksum": "3620fd311fc617cf6c722a61b83b2305"
        },
        {
          "type": "image",
          "assetId": "bWMiQA8xOveeai",
          "checksum": "5fa8f1ce45b99d00cf88399e77a2a6b4"
        },
        {
          "type": "image",
          "assetId": "r3qEBbub2rt1hZ",
          "checksum": "c32ec086b4ce3fceb3f0b57877314f2c"
        },
        {
          "type": "image",
          "assetId": "EsDm2B0IkArCWs",
          "checksum": "689e3f92a56623b874180bdc6d116fcf"
        },
        {
          "type": "image",
          "assetId": "oR3wqrpu8EQCgS",
          "checksum": "27b6f7b788de14ebe0dc7f53693399d3"
        },
        {
          "type": "image",
          "assetId": "l-3zwZCP-3itZS",
          "checksum": "0e59db91dfb0cc5295ac4ee8ba20e671"
        }
      ]
    }
  ],
  "cliVersion": "0.1.135"
}
